
Microsoft Visual Studio Solution File, Format Version 12.00
# Visual Studio Version 17
VisualStudioVersion = 17.5.33516.290
MinimumVisualStudioVersion = 10.0.40219.1
Project("{9A19103F-16F7-4668-BE54-9A1E7A4F7556}") = "GameDashBoard", "GameDashBoard.csproj", "{0B69F727-CF02-40BA-A88C-72B5D7D11311}"
EndProject
Project("{9A19103F-16F7-4668-BE54-9A1E7A4F7556}") = "PlayerCommon", "..\PlayerCommon\PlayerCommon.csproj", "{87B1F77A-09EF-4B20-8F07-16F6A82CAB42}"
EndProject
Project("{9A19103F-16F7-4668-BE54-9A1E7A4F7556}") = "GameDashBoardAS", "Aerospike\GameDashBoardAS.csproj", "{C207D3AB-9282-4311-AE53-26614DBC28C3}"
EndProject
Project("{9A19103F-16F7-4668-BE54-9A1E7A4F7556}") = "GameDashBoardMG", "Monogodb\GameDashBoardMG.csproj", "{5F9D1995-F4A3-4CB7-911D-F3A0D954E215}"
EndProject
Project("{9A19103F-16F7-4668-BE54-9A1E7A4F7556}") = "GameDashBoardASDaaS", "Aerospike\DaaS\GameDashBoardASDaaS.csproj", "{592603C4-D859-4701-B0F1-EDA6D465ED3F}"
EndProject
Global
	GlobalSection(SolutionConfigurationPlatforms) = preSolution
		Debug|Any CPU = Debug|Any CPU
		Release|Any CPU = Release|Any CPU
	EndGlobalSection
	GlobalSection(ProjectConfigurationPlatforms) = postSolution
		{0B69F727-CF02-40BA-A88C-72B5D7D11311}.Debug|Any CPU.ActiveCfg = Debug|Any CPU
		{0B69F727-CF02-40BA-A88C-72B5D7D11311}.Debug|Any CPU.Build.0 = Debug|Any CPU
		{0B69F727-CF02-40BA-A88C-72B5D7D11311}.Release|Any CPU.ActiveCfg = Release|Any CPU
		{0B69F727-CF02-40BA-A88C-72B5D7D11311}.Release|Any CPU.Build.0 = Release|Any CPU
		{87B1F77A-09EF-4B20-8F07-16F6A82CAB42}.Debug|Any CPU.ActiveCfg = Debug|Any CPU
		{87B1F77A-09EF-4B20-8F07-16F6A82CAB42}.Debug|Any CPU.Build.0 = Debug|Any CPU
		{87B1F77A-09EF-4B20-8F07-16F6A82CAB42}.Release|Any CPU.ActiveCfg = Release|Any CPU
		{87B1F77A-09EF-4B20-8F07-16F6A82CAB42}.Release|Any CPU.Build.0 = Release|Any CPU
		{C207D3AB-9282-4311-AE53-26614DBC28C3}.Debug|Any CPU.ActiveCfg = Debug|Any CPU
		{C207D3AB-9282-4311-AE53-26614DBC28C3}.Debug|Any CPU.Build.0 = Debug|Any CPU
		{C207D3AB-9282-4311-AE53-26614DBC28C3}.Release|Any CPU.ActiveCfg = Release|Any CPU
		{C207D3AB-9282-4311-AE53-26614DBC28C3}.Release|Any CPU.Build.0 = Release|Any CPU
		{5F9D1995-F4A3-4CB7-911D-F3A0D954E215}.Debug|Any CPU.ActiveCfg = Debug|Any CPU
		{5F9D1995-F4A3-4CB7-911D-F3A0D954E215}.Debug|Any CPU.Build.0 = Debug|Any CPU
		{5F9D1995-F4A3-4CB7-911D-F3A0D954E215}.Release|Any CPU.ActiveCfg = Release|Any CPU
		{5F9D1995-F4A3-4CB7-911D-F3A0D954E215}.Release|Any CPU.Build.0 = Release|Any CPU
		{592603C4-D859-4701-B0F1-EDA6D465ED3F}.Debug|Any CPU.ActiveCfg = Debug|Any CPU
		{592603C4-D859-4701-B0F1-EDA6D465ED3F}.Debug|Any CPU.Build.0 = Debug|Any CPU
		{592603C4-D859-4701-B0F1-EDA6D465ED3F}.Release|Any CPU.ActiveCfg = Release|Any CPU
		{592603C4-D859-4701-B0F1-EDA6D465ED3F}.Release|Any CPU.Build.0 = Release|Any CPU
	EndGlobalSection
	GlobalSection(SolutionProperties) = preSolution
		HideSolutionNode = FALSE
	EndGlobalSection
	GlobalSection(ExtensibilityGlobals) = postSolution
		SolutionGuid = {060E7C1B-F0FD-4334-A78D-19F048D8225E}
	EndGlobalSection
EndGlobal
