
Microsoft Visual Studio Solution File, Format Version 12.00
# Visual Studio Version 17
VisualStudioVersion = 17.5.33516.290
MinimumVisualStudioVersion = 10.0.40219.1
Project("{FAE04EC0-301F-11D3-BF4B-00C04F79EFBC}") = "GameDashBoard", "GameDashBoard.csproj", "{0B69F727-CF02-40BA-A88C-72B5D7D11311}"
EndProject
Global
	GlobalSection(SolutionConfigurationPlatforms) = preSolution
		Debug|Any CPU = Debug|Any CPU
		Release|Any CPU = Release|Any CPU
	EndGlobalSection
	GlobalSection(ProjectConfigurationPlatforms) = postSolution
		{0B69F727-CF02-40BA-A88C-72B5D7D11311}.Debug|Any CPU.ActiveCfg = Debug|Any CPU
		{0B69F727-CF02-40BA-A88C-72B5D7D11311}.Debug|Any CPU.Build.0 = Debug|Any CPU
		{0B69F727-CF02-40BA-A88C-72B5D7D11311}.Release|Any CPU.ActiveCfg = Release|Any CPU
		{0B69F727-CF02-40BA-A88C-72B5D7D11311}.Release|Any CPU.Build.0 = Release|Any CPU
	EndGlobalSection
	GlobalSection(SolutionProperties) = preSolution
		HideSolutionNode = FALSE
	EndGlobalSection
	GlobalSection(ExtensibilityGlobals) = postSolution
		SolutionGuid = {060E7C1B-F0FD-4334-A78D-19F048D8225E}
	EndGlobalSection
EndGlobal
