
Microsoft Visual Studio Solution File, Format Version 12.00
# Visual Studio Version 17
VisualStudioVersion = 17.5.33516.290
MinimumVisualStudioVersion = 10.0.40219.1
Project("{9A19103F-16F7-4668-BE54-9A1E7A4F7556}") = "GameSimulator", "GameSimulator.csproj", "{C2241B96-756A-45C9-9BA8-620963CB2731}"
EndProject
Project("{9A19103F-16F7-4668-BE54-9A1E7A4F7556}") = "PlayerCommon", "..\PlayerCommon\PlayerCommon.csproj", "{15E27FE4-CB62-44BB-A19A-35082D1098C3}"
EndProject
Project("{9A19103F-16F7-4668-BE54-9A1E7A4F7556}") = "GameSimulatorTests", "..\GameSimulatorTests\GameSimulatorTests.csproj", "{22751345-EEA3-4202-AA03-679B05467084}"
EndProject
Project("{9A19103F-16F7-4668-BE54-9A1E7A4F7556}") = "GameSimulatorAS", "Aerospike\GameSimulatorAS.csproj", "{C45DC3D6-73B8-4473-8750-63DBFC6DC251}"
EndProject
Project("{9A19103F-16F7-4668-BE54-9A1E7A4F7556}") = "GameSimulatorMG", "Monogodb\GameSimulatorMG.csproj", "{385B6E9F-9F22-4047-8FF5-1699FB1FB383}"
EndProject
Project("{9A19103F-16F7-4668-BE54-9A1E7A4F7556}") = "GameSimulatorASDBaaS", "Aerospike\DBaaS\GameSimulatorASDBaaS.csproj", "{10724FEF-BBFB-4996-8912-C3FB33681C62}"
EndProject
Global
	GlobalSection(SolutionConfigurationPlatforms) = preSolution
		Debug|Any CPU = Debug|Any CPU
		Release|Any CPU = Release|Any CPU
	EndGlobalSection
	GlobalSection(ProjectConfigurationPlatforms) = postSolution
		{C2241B96-756A-45C9-9BA8-620963CB2731}.Debug|Any CPU.ActiveCfg = Debug|Any CPU
		{C2241B96-756A-45C9-9BA8-620963CB2731}.Debug|Any CPU.Build.0 = Debug|Any CPU
		{C2241B96-756A-45C9-9BA8-620963CB2731}.Release|Any CPU.ActiveCfg = Release|Any CPU
		{C2241B96-756A-45C9-9BA8-620963CB2731}.Release|Any CPU.Build.0 = Release|Any CPU
		{15E27FE4-CB62-44BB-A19A-35082D1098C3}.Debug|Any CPU.ActiveCfg = Debug|Any CPU
		{15E27FE4-CB62-44BB-A19A-35082D1098C3}.Debug|Any CPU.Build.0 = Debug|Any CPU
		{15E27FE4-CB62-44BB-A19A-35082D1098C3}.Release|Any CPU.ActiveCfg = Release|Any CPU
		{15E27FE4-CB62-44BB-A19A-35082D1098C3}.Release|Any CPU.Build.0 = Release|Any CPU
		{22751345-EEA3-4202-AA03-679B05467084}.Debug|Any CPU.ActiveCfg = Debug|Any CPU
		{22751345-EEA3-4202-AA03-679B05467084}.Debug|Any CPU.Build.0 = Debug|Any CPU
		{22751345-EEA3-4202-AA03-679B05467084}.Release|Any CPU.ActiveCfg = Release|Any CPU
		{22751345-EEA3-4202-AA03-679B05467084}.Release|Any CPU.Build.0 = Release|Any CPU
		{C45DC3D6-73B8-4473-8750-63DBFC6DC251}.Debug|Any CPU.ActiveCfg = Debug|Any CPU
		{C45DC3D6-73B8-4473-8750-63DBFC6DC251}.Debug|Any CPU.Build.0 = Debug|Any CPU
		{C45DC3D6-73B8-4473-8750-63DBFC6DC251}.Release|Any CPU.ActiveCfg = Release|Any CPU
		{C45DC3D6-73B8-4473-8750-63DBFC6DC251}.Release|Any CPU.Build.0 = Release|Any CPU
		{385B6E9F-9F22-4047-8FF5-1699FB1FB383}.Debug|Any CPU.ActiveCfg = Debug|Any CPU
		{385B6E9F-9F22-4047-8FF5-1699FB1FB383}.Debug|Any CPU.Build.0 = Debug|Any CPU
		{385B6E9F-9F22-4047-8FF5-1699FB1FB383}.Release|Any CPU.ActiveCfg = Release|Any CPU
		{385B6E9F-9F22-4047-8FF5-1699FB1FB383}.Release|Any CPU.Build.0 = Release|Any CPU
		{10724FEF-BBFB-4996-8912-C3FB33681C62}.Debug|Any CPU.ActiveCfg = Debug|Any CPU
		{10724FEF-BBFB-4996-8912-C3FB33681C62}.Debug|Any CPU.Build.0 = Debug|Any CPU
		{10724FEF-BBFB-4996-8912-C3FB33681C62}.Release|Any CPU.ActiveCfg = Release|Any CPU
		{10724FEF-BBFB-4996-8912-C3FB33681C62}.Release|Any CPU.Build.0 = Release|Any CPU
	EndGlobalSection
	GlobalSection(SolutionProperties) = preSolution
		HideSolutionNode = FALSE
	EndGlobalSection
	GlobalSection(ExtensibilityGlobals) = postSolution
		SolutionGuid = {73548047-B89C-4961-9352-56ED49BFA97F}
	EndGlobalSection
EndGlobal
