
Microsoft Visual Studio Solution File, Format Version 12.00
# Visual Studio Version 17
VisualStudioVersion = 17.5.33516.290
MinimumVisualStudioVersion = 10.0.40219.1
Project("{9A19103F-16F7-4668-BE54-9A1E7A4F7556}") = "Common", "Common.csproj", "{01212DD4-1662-4456-B9EF-42754AD6A45B}"
EndProject
Global
	GlobalSection(SolutionConfigurationPlatforms) = preSolution
		Debug|Any CPU = Debug|Any CPU
		Release|Any CPU = Release|Any CPU
	EndGlobalSection
	GlobalSection(ProjectConfigurationPlatforms) = postSolution
		{01212DD4-1662-4456-B9EF-42754AD6A45B}.Debug|Any CPU.ActiveCfg = Debug|Any CPU
		{01212DD4-1662-4456-B9EF-42754AD6A45B}.Debug|Any CPU.Build.0 = Debug|Any CPU
		{01212DD4-1662-4456-B9EF-42754AD6A45B}.Release|Any CPU.ActiveCfg = Release|Any CPU
		{01212DD4-1662-4456-B9EF-42754AD6A45B}.Release|Any CPU.Build.0 = Release|Any CPU
	EndGlobalSection
	GlobalSection(SolutionProperties) = preSolution
		HideSolutionNode = FALSE
	EndGlobalSection
	GlobalSection(ExtensibilityGlobals) = postSolution
		SolutionGuid = {E593805A-120D-4B43-82A1-DA16425702D5}
	EndGlobalSection
EndGlobal
